{
  "version": 4,
  "terraform_version": "1.12.2",
  "serial": 22,
  "lineage": "9aeb2457-b872-d51f-0857-f7a27f4e0b89",
  "outputs": {
    "ansible_inventory": {
      "value": "[aws_servers]\n54.81.9.99 ansible_user=ec2-user\n\n[azure_servers]\n10.1.1.4 ansible_user=azureuser\n\n[all_servers:children]\naws_servers\nazure_servers\n\n[all_servers:vars]\nenvironment=dev\nproject=customer-portal\n",
      "type": "string"
    },
    "azure_resource_group": {
      "value": "customer-portal-dev-rg",
      "type": "string"
    },
    "azure_vm_id": {
      "value": "/subscriptions/2b0fa787-3cda-432f-847d-5683483e53bb/resourceGroups/customer-portal-dev-rg/providers/Microsoft.Compute/virtualMachines/customer-portal-dev-vm",
      "type": "string"
    },
    "azure_vm_private_ip": {
      "value": "10.1.1.4",
      "type": "string"
    },
    "instance_id": {
      "value": "i-0990c754fb656afc3",
      "type": "string"
    },
    "instance_private_ip": {
      "value": "172.31.25.166",
      "type": "string"
    },
    "instance_public_ip": {
      "value": "54.81.9.99",
      "type": "string"
    },
    "instance_tags": {
      "value": {
        "BackupSchedule": "daily",
        "BusinessUnit": "Digital Products",
        "CostCenter": "CC-4521",
        "CreatedDate": "2025-08-03",
        "DataClassification": "internal",
        "Environment": "dev",
        "ManagedBy": "terraform",
        "Name": "customer-portal-dev-instance",
        "Owner": "devops-team@company.com",
        "PatchGroup": "dev-linux",
        "Project": "customer-portal",
        "TerraformWorkspace": "default"
      },
      "type": [
        "map",
        "string"
      ]
    },
    "multi_cloud_summary": {
      "value": {
        "aws": {
          "instance_id": "i-0990c754fb656afc3",
          "public_ip": "54.81.9.99",
          "region": "us-east-1"
        },
        "azure": {
          "location": "East US",
          "private_ip": "10.1.1.4",
          "vm_id": "/subscriptions/2b0fa787-3cda-432f-847d-5683483e53bb/resourceGroups/customer-portal-dev-rg/providers/Microsoft.Compute/virtualMachines/customer-portal-dev-vm"
        }
      },
      "type": [
        "object",
        {
          "aws": [
            "object",
            {
              "instance_id": "string",
              "public_ip": "string",
              "region": "string"
            }
          ],
          "azure": [
            "object",
            {
              "location": "string",
              "private_ip": "string",
              "vm_id": "string"
            }
          ]
        }
      ]
    },
    "security_group_id": {
      "value": "sg-0ae60444e592fc147",
      "type": "string"
    }
  },
  "resources": [
    {
      "mode": "data",
      "type": "aws_ami",
      "name": "amazon_linux_2",
      "provider": "provider[\"registry.terraform.io/hashicorp/aws\"]",
      "instances": [
        {
          "schema_version": 0,
          "attributes": {
            "architecture": "x86_64",
            "arn": "arn:aws:ec2:us-east-1::image/ami-0ad253013fad0a42a",
            "block_device_mappings": [
              {
                "device_name": "/dev/xvda",
                "ebs": {
                  "delete_on_termination": "true",
                  "encrypted": "false",
                  "iops": "0",
                  "snapshot_id": "snap-0b6c0a7aeadc12957",
                  "throughput": "0",
                  "volume_initialization_rate": "0",
                  "volume_size": "8",
                  "volume_type": "gp2"
                },
                "no_device": "",
                "virtual_name": ""
              }
            ],
            "boot_mode": "",
            "creation_date": "2025-07-29T01:24:26.000Z",
            "deprecation_time": "2025-10-27T01:24:00.000Z",
            "description": "Amazon Linux 2 AMI 2.0.20250728.1 x86_64 HVM gp2",
            "ena_support": true,
            "executable_users": null,
            "filter": [
              {
                "name": "name",
                "values": [
                  "amzn2-ami-hvm-*-x86_64-gp2"
                ]
              }
            ],
            "hypervisor": "xen",
            "id": "ami-0ad253013fad0a42a",
            "image_id": "ami-0ad253013fad0a42a",
            "image_location": "amazon/amzn2-ami-hvm-2.0.20250728.1-x86_64-gp2",
            "image_owner_alias": "amazon",
            "image_type": "machine",
            "imds_support": "",
            "include_deprecated": false,
            "kernel_id": "",
            "last_launched_time": "",
            "most_recent": true,
            "name": "amzn2-ami-hvm-2.0.20250728.1-x86_64-gp2",
            "name_regex": null,
            "owner_id": "137112412989",
            "owners": [
              "amazon"
            ],
            "platform": "",
            "platform_details": "Linux/UNIX",
            "product_codes": [],
            "public": true,
            "ramdisk_id": "",
            "root_device_name": "/dev/xvda",
            "root_device_type": "ebs",
            "root_snapshot_id": "snap-0b6c0a7aeadc12957",
            "sriov_net_support": "simple",
            "state": "available",
            "state_reason": {
              "code": "UNSET",
              "message": "UNSET"
            },
            "tags": {},
            "timeouts": null,
            "tpm_support": "",
            "uefi_data": null,
            "usage_operation": "RunInstances",
            "virtualization_type": "hvm"
          },
          "sensitive_attributes": [],
          "identity_schema_version": 0
        }
      ]
    },
    {
      "mode": "managed",
      "type": "aws_instance",
      "name": "demo",
      "provider": "provider[\"registry.terraform.io/hashicorp/aws\"]",
      "instances": [
        {
          "schema_version": 1,
          "attributes": {
            "ami": "ami-0ad253013fad0a42a",
            "arn": "arn:aws:ec2:us-east-1:093807443918:instance/i-0990c754fb656afc3",
            "associate_public_ip_address": true,
            "availability_zone": "us-east-1a",
            "capacity_reservation_specification": [
              {
                "capacity_reservation_preference": "open",
                "capacity_reservation_target": []
              }
            ],
            "cpu_core_count": 1,
            "cpu_options": [
              {
                "amd_sev_snp": "",
                "core_count": 1,
                "threads_per_core": 2
              }
            ],
            "cpu_threads_per_core": 2,
            "credit_specification": [
              {
                "cpu_credits": "unlimited"
              }
            ],
            "disable_api_stop": false,
            "disable_api_termination": false,
            "ebs_block_device": [],
            "ebs_optimized": false,
            "enable_primary_ipv6": null,
            "enclave_options": [
              {
                "enabled": false
              }
            ],
            "ephemeral_block_device": [],
            "get_password_data": false,
            "hibernation": false,
            "host_id": "",
            "host_resource_group_arn": null,
            "iam_instance_profile": "",
            "id": "i-0990c754fb656afc3",
            "instance_initiated_shutdown_behavior": "stop",
            "instance_lifecycle": "",
            "instance_market_options": [],
            "instance_state": "running",
            "instance_type": "t3.micro",
            "ipv6_address_count": 0,
            "ipv6_addresses": [],
            "key_name": "web1",
            "launch_template": [],
            "maintenance_options": [
              {
                "auto_recovery": "default"
              }
            ],
            "metadata_options": [
              {
                "http_endpoint": "enabled",
                "http_protocol_ipv6": "disabled",
                "http_put_response_hop_limit": 1,
                "http_tokens": "required",
                "instance_metadata_tags": "disabled"
              }
            ],
            "monitoring": false,
            "network_interface": [],
            "outpost_arn": "",
            "password_data": "",
            "placement_group": "",
            "placement_partition_number": 0,
            "primary_network_interface_id": "eni-02c15421688f74509",
            "private_dns": "ip-172-31-25-166.ec2.internal",
            "private_dns_name_options": [
              {
                "enable_resource_name_dns_a_record": false,
                "enable_resource_name_dns_aaaa_record": false,
                "hostname_type": "ip-name"
              }
            ],
            "private_ip": "172.31.25.166",
            "public_dns": "ec2-54-81-9-99.compute-1.amazonaws.com",
            "public_ip": "54.81.9.99",
            "root_block_device": [
              {
                "delete_on_termination": true,
                "device_name": "/dev/xvda",
                "encrypted": true,
                "iops": 3000,
                "kms_key_id": "arn:aws:kms:us-east-1:093807443918:key/3d5c309a-8ea1-4a14-b4a4-65145e669569",
                "tags": {
                  "BackupSchedule": "daily",
                  "BusinessUnit": "Digital Products",
                  "CostCenter": "CC-4521",
                  "CreatedDate": "2025-08-03",
                  "DataClassification": "internal",
                  "Environment": "dev",
                  "ManagedBy": "terraform",
                  "Name": "customer-portal-dev-root-volume",
                  "Owner": "devops-team@company.com",
                  "PatchGroup": "dev-linux",
                  "Project": "customer-portal",
                  "TerraformWorkspace": "default"
                },
                "tags_all": {
                  "BackupSchedule": "daily",
                  "BusinessUnit": "Digital Products",
                  "Cloud": "AWS",
                  "CostCenter": "CC-4521",
                  "CreatedDate": "2025-08-03",
                  "DataClassification": "internal",
                  "Environment": "dev",
                  "ManagedBy": "terraform",
                  "Name": "customer-portal-dev-root-volume",
                  "Owner": "devops-team@company.com",
                  "PatchGroup": "dev-linux",
                  "Project": "customer-portal",
                  "Source": "interview-demo",
                  "TerraformManaged": "true",
                  "TerraformWorkspace": "default"
                },
                "throughput": 125,
                "volume_id": "vol-0286a3dcddfca642b",
                "volume_size": 20,
                "volume_type": "gp3"
              }
            ],
            "secondary_private_ips": [],
            "security_groups": [
              "customer-portal-dev-20250730172856790400000001"
            ],
            "source_dest_check": true,
            "spot_instance_request_id": "",
            "subnet_id": "subnet-530b3d0a",
            "tags": {
              "BackupSchedule": "daily",
              "BusinessUnit": "Digital Products",
              "CostCenter": "CC-4521",
              "CreatedDate": "2025-08-03",
              "DataClassification": "internal",
              "Environment": "dev",
              "ManagedBy": "terraform",
              "Name": "customer-portal-dev-instance",
              "Owner": "devops-team@company.com",
              "PatchGroup": "dev-linux",
              "Project": "customer-portal",
              "TerraformWorkspace": "default"
            },
            "tags_all": {
              "BackupSchedule": "daily",
              "BusinessUnit": "Digital Products",
              "Cloud": "AWS",
              "CostCenter": "CC-4521",
              "CreatedDate": "2025-08-03",
              "DataClassification": "internal",
              "Environment": "dev",
              "ManagedBy": "terraform",
              "Name": "customer-portal-dev-instance",
              "Owner": "devops-team@company.com",
              "PatchGroup": "dev-linux",
              "Project": "customer-portal",
              "Source": "interview-demo",
              "TerraformManaged": "true",
              "TerraformWorkspace": "default"
            },
            "tenancy": "default",
            "timeouts": null,
            "user_data": null,
            "user_data_base64": null,
            "user_data_replace_on_change": false,
            "volume_tags": null,
            "vpc_security_group_ids": [
              "sg-0ae60444e592fc147"
            ]
          },
          "sensitive_attributes": [],
          "identity_schema_version": 0,
          "private": "eyJlMmJmYjczMC1lY2FhLTExZTYtOGY4OC0zNDM2M2JjN2M0YzAiOnsiY3JlYXRlIjo2MDAwMDAwMDAwMDAsImRlbGV0ZSI6MTIwMDAwMDAwMDAwMCwicmVhZCI6OTAwMDAwMDAwMDAwLCJ1cGRhdGUiOjYwMDAwMDAwMDAwMH0sInNjaGVtYV92ZXJzaW9uIjoiMSJ9",
          "dependencies": [
            "aws_security_group.demo_instance",
            "data.aws_ami.amazon_linux_2"
          ]
        }
      ]
    },
    {
      "mode": "managed",
      "type": "aws_security_group",
      "name": "demo_instance",
      "provider": "provider[\"registry.terraform.io/hashicorp/aws\"]",
      "instances": [
        {
          "schema_version": 1,
          "attributes": {
            "arn": "arn:aws:ec2:us-east-1:093807443918:security-group/sg-0ae60444e592fc147",
            "description": "Security group for demo EC2 instance",
            "egress": [
              {
                "cidr_blocks": [
                  "0.0.0.0/0"
                ],
                "description": "Allow all outbound",
                "from_port": 0,
                "ipv6_cidr_blocks": [],
                "prefix_list_ids": [],
                "protocol": "-1",
                "security_groups": [],
                "self": false,
                "to_port": 0
              }
            ],
            "id": "sg-0ae60444e592fc147",
            "ingress": [
              {
                "cidr_blocks": [
                  "0.0.0.0/0"
                ],
                "description": "HTTP from anywhere",
                "from_port": 80,
                "ipv6_cidr_blocks": [],
                "prefix_list_ids": [],
                "protocol": "tcp",
                "security_groups": [],
                "self": false,
                "to_port": 80
              },
              {
                "cidr_blocks": [
                  "18.232.65.104/29"
                ],
                "description": "SSH from EC2 Instance Connect",
                "from_port": 22,
                "ipv6_cidr_blocks": [],
                "prefix_list_ids": [],
                "protocol": "tcp",
                "security_groups": [],
                "self": false,
                "to_port": 22
              }
            ],
            "name": "customer-portal-dev-20250730172856790400000001",
            "name_prefix": "customer-portal-dev-",
            "owner_id": "093807443918",
            "revoke_rules_on_delete": false,
            "tags": {
              "BackupSchedule": "daily",
              "BusinessUnit": "Digital Products",
              "CostCenter": "CC-4521",
              "CreatedDate": "2025-08-03",
              "DataClassification": "internal",
              "Environment": "dev",
              "ManagedBy": "terraform",
              "Name": "customer-portal-dev-sg",
              "Owner": "devops-team@company.com",
              "PatchGroup": "dev-linux",
              "Project": "customer-portal",
              "TerraformWorkspace": "default"
            },
            "tags_all": {
              "BackupSchedule": "daily",
              "BusinessUnit": "Digital Products",
              "Cloud": "AWS",
              "CostCenter": "CC-4521",
              "CreatedDate": "2025-08-03",
              "DataClassification": "internal",
              "Environment": "dev",
              "ManagedBy": "terraform",
              "Name": "customer-portal-dev-sg",
              "Owner": "devops-team@company.com",
              "PatchGroup": "dev-linux",
              "Project": "customer-portal",
              "Source": "interview-demo",
              "TerraformManaged": "true",
              "TerraformWorkspace": "default"
            },
            "timeouts": null,
            "vpc_id": "vpc-f316c497"
          },
          "sensitive_attributes": [],
          "identity_schema_version": 0,
          "private": "eyJlMmJmYjczMC1lY2FhLTExZTYtOGY4OC0zNDM2M2JjN2M0YzAiOnsiY3JlYXRlIjo2MDAwMDAwMDAwMDAsImRlbGV0ZSI6OTAwMDAwMDAwMDAwfSwic2NoZW1hX3ZlcnNpb24iOiIxIn0="
        }
      ]
    },
    {
      "mode": "managed",
      "type": "azurerm_linux_virtual_machine",
      "name": "demo",
      "provider": "provider[\"registry.terraform.io/hashicorp/azurerm\"]",
      "instances": [
        {
          "schema_version": 0,
          "attributes": {
            "additional_capabilities": [],
            "admin_password": null,
            "admin_ssh_key": [
              {
                "public_key": "ssh-rsa AAAAB3NzaC1yc2EAAAADAQABAAACAQDKGUGy1rwWgtOMepxvZH+rwBqUCayKFtVj8KezQpOsAG5SvM1MAznveVIwDNEUdneEV7uCsb/AhR74TNuhrFBRXabhgXDFgo5k7hyA2pKwjIy4pGYeTydTmF1tfwroS/qwQWwYFQaFqCSmfVruLNQCTxcsD1/9sSBDY9mo0WKuQg8Cc3b7TxcMIMNqZC6uRkBQamUSo3Eb3Cn3/aKIe95jOgd/g7OQbswyETZ/fDyFZptx8UVtId8zE5XozvodUJ3KOk+V9BxNtGU3LEj5hJpKqqqBeeMkCQhnO1xwU49BmB5rTD18Od9szyB3O/BUJkme5xcOxYoa8bjQEBd6efbVj5Gpa3TaIpEYL5cL6yKliwHO4MAkJis42dZ/QnWKIuKmAyhe+LkVS+i5flSevY3NZBgMqRZCFBcUMzcfbcip9l6yKydcCjA+aF0D9OQ06YjTc6W9R5qHc8HT2Adc7/39pp+Jq5uxc8y3JdxJw45kZnkQAcqIYWFbR+Nyg6HaoEpiIQxvol5To3QBJyAPPtFP/K7+exbU2M2H9FPwLW0f8JcDnwyYr+NaKhyYHAQG2h5mstVbsOYK8rkGDPTqcQKLAnaDWVz5yBrL/gknb27IFTvtNJ9xIa0mLx+EXuU7peTqGLYJeJ4d3T5w+yIzLJeujXZGkrHH3mLDUYf6bfzk9w== scud1@DESKTOP-093MM5O\r\n",
                "username": "azureuser"
              }
            ],
            "admin_username": "azureuser",
            "allow_extension_operations": true,
            "availability_set_id": "",
            "boot_diagnostics": [],
            "bypass_platform_safety_checks_on_user_schedule_enabled": false,
            "capacity_reservation_group_id": "",
            "computer_name": "customer-portal-dev-vm",
            "custom_data": null,
            "dedicated_host_group_id": "",
            "dedicated_host_id": "",
            "disable_password_authentication": true,
            "disk_controller_type": "SCSI",
            "edge_zone": "",
            "encryption_at_host_enabled": false,
            "eviction_policy": "",
            "extensions_time_budget": "PT1H30M",
            "gallery_application": [],
            "id": "/subscriptions/2b0fa787-3cda-432f-847d-5683483e53bb/resourceGroups/customer-portal-dev-rg/providers/Microsoft.Compute/virtualMachines/customer-portal-dev-vm",
            "identity": [],
            "license_type": "",
            "location": "eastus",
            "max_bid_price": -1,
            "name": "customer-portal-dev-vm",
            "network_interface_ids": [
              "/subscriptions/2b0fa787-3cda-432f-847d-5683483e53bb/resourceGroups/customer-portal-dev-rg/providers/Microsoft.Network/networkInterfaces/customer-portal-dev-nic"
            ],
            "os_disk": [
              {
                "caching": "ReadWrite",
                "diff_disk_settings": [],
                "disk_encryption_set_id": "",
                "disk_size_gb": 30,
                "name": "customer-portal-dev-vm_disk1_6e3a37e1b0b2458982a069713c500cc2",
                "secure_vm_disk_encryption_set_id": "",
                "security_encryption_type": "",
                "storage_account_type": "Premium_LRS",
                "write_accelerator_enabled": false
              }
            ],
            "os_image_notification": [],
            "patch_assessment_mode": "ImageDefault",
            "patch_mode": "ImageDefault",
            "plan": [],
            "platform_fault_domain": -1,
            "priority": "Regular",
            "private_ip_address": "10.1.1.4",
            "private_ip_addresses": [
              "10.1.1.4"
            ],
            "provision_vm_agent": true,
            "proximity_placement_group_id": "",
            "public_ip_address": "",
            "public_ip_addresses": [],
            "reboot_setting": "",
            "resource_group_name": "customer-portal-dev-rg",
            "secret": [],
            "secure_boot_enabled": false,
            "size": "Standard_B1s",
            "source_image_id": "",
            "source_image_reference": [
              {
                "offer": "0001-com-ubuntu-server-focal",
                "publisher": "Canonical",
                "sku": "20_04-lts-gen2",
                "version": "latest"
              }
            ],
            "tags": {
              "BackupSchedule": "daily",
              "BusinessUnit": "Digital Products",
              "Cloud": "Azure",
              "CostCenter": "CC-4521",
              "CreatedDate": "2025-08-03",
              "DataClassification": "internal",
              "Environment": "dev",
              "ManagedBy": "terraform",
              "Owner": "devops-team@company.com",
              "PatchGroup": "dev-linux",
              "Project": "customer-portal",
              "TerraformWorkspace": "default"
            },
            "termination_notification": null,
            "timeouts": null,
            "user_data": "",
            "virtual_machine_id": "d263089a-f779-4bab-aac3-dd171cadfcbf",
            "virtual_machine_scale_set_id": "",
            "vm_agent_platform_updates_enabled": false,
            "vtpm_enabled": false,
            "zone": ""
          },
          "sensitive_attributes": [
            [
              {
                "type": "get_attr",
                "value": "admin_password"
              }
            ],
            [
              {
                "type": "get_attr",
                "value": "custom_data"
              }
            ]
          ],
          "identity_schema_version": 0,
          "private": "eyJlMmJmYjczMC1lY2FhLTExZTYtOGY4OC0zNDM2M2JjN2M0YzAiOnsiY3JlYXRlIjoyNzAwMDAwMDAwMDAwLCJkZWxldGUiOjI3MDAwMDAwMDAwMDAsInJlYWQiOjMwMDAwMDAwMDAwMCwidXBkYXRlIjoyNzAwMDAwMDAwMDAwfX0=",
          "dependencies": [
            "azurerm_network_interface.demo",
            "azurerm_resource_group.demo",
            "azurerm_subnet.demo",
            "azurerm_virtual_network.demo"
          ]
        }
      ]
    },
    {
      "mode": "managed",
      "type": "azurerm_network_interface",
      "name": "demo",
      "provider": "provider[\"registry.terraform.io/hashicorp/azurerm\"]",
      "instances": [
        {
          "schema_version": 0,
          "attributes": {
            "accelerated_networking_enabled": false,
            "applied_dns_servers": [],
            "auxiliary_mode": "",
            "auxiliary_sku": "",
            "dns_servers": [],
            "edge_zone": "",
            "enable_accelerated_networking": false,
            "enable_ip_forwarding": false,
            "id": "/subscriptions/2b0fa787-3cda-432f-847d-5683483e53bb/resourceGroups/customer-portal-dev-rg/providers/Microsoft.Network/networkInterfaces/customer-portal-dev-nic",
            "internal_dns_name_label": "",
            "internal_domain_name_suffix": "enqcamfhogae5mbciipcgqumod.bx.internal.cloudapp.net",
            "ip_configuration": [
              {
                "gateway_load_balancer_frontend_ip_configuration_id": "",
                "name": "internal",
                "primary": true,
                "private_ip_address": "10.1.1.4",
                "private_ip_address_allocation": "Dynamic",
                "private_ip_address_version": "IPv4",
                "public_ip_address_id": "",
                "subnet_id": "/subscriptions/2b0fa787-3cda-432f-847d-5683483e53bb/resourceGroups/customer-portal-dev-rg/providers/Microsoft.Network/virtualNetworks/customer-portal-dev-vnet/subnets/customer-portal-dev-subnet"
              }
            ],
            "ip_forwarding_enabled": false,
            "location": "eastus",
            "mac_address": "",
            "name": "customer-portal-dev-nic",
            "private_ip_address": "10.1.1.4",
            "private_ip_addresses": [
              "10.1.1.4"
            ],
            "resource_group_name": "customer-portal-dev-rg",
            "tags": {
              "BackupSchedule": "daily",
              "BusinessUnit": "Digital Products",
              "Cloud": "Azure",
              "CostCenter": "CC-4521",
              "CreatedDate": "2025-08-03",
              "DataClassification": "internal",
              "Environment": "dev",
              "ManagedBy": "terraform",
              "Owner": "devops-team@company.com",
              "PatchGroup": "dev-linux",
              "Project": "customer-portal",
              "TerraformWorkspace": "default"
            },
            "timeouts": null,
            "virtual_machine_id": ""
          },
          "sensitive_attributes": [],
          "identity_schema_version": 0,
          "private": "eyJlMmJmYjczMC1lY2FhLTExZTYtOGY4OC0zNDM2M2JjN2M0YzAiOnsiY3JlYXRlIjoxODAwMDAwMDAwMDAwLCJkZWxldGUiOjE4MDAwMDAwMDAwMDAsInJlYWQiOjMwMDAwMDAwMDAwMCwidXBkYXRlIjoxODAwMDAwMDAwMDAwfX0=",
          "dependencies": [
            "azurerm_resource_group.demo",
            "azurerm_subnet.demo",
            "azurerm_virtual_network.demo"
          ]
        }
      ]
    },
    {
      "mode": "managed",
      "type": "azurerm_network_interface_security_group_association",
      "name": "demo",
      "provider": "provider[\"registry.terraform.io/hashicorp/azurerm\"]",
      "instances": [
        {
          "schema_version": 0,
          "attributes": {
            "id": "/subscriptions/2b0fa787-3cda-432f-847d-5683483e53bb/resourceGroups/customer-portal-dev-rg/providers/Microsoft.Network/networkInterfaces/customer-portal-dev-nic|/subscriptions/2b0fa787-3cda-432f-847d-5683483e53bb/resourceGroups/customer-portal-dev-rg/providers/Microsoft.Network/networkSecurityGroups/customer-portal-dev-nsg",
            "network_interface_id": "/subscriptions/2b0fa787-3cda-432f-847d-5683483e53bb/resourceGroups/customer-portal-dev-rg/providers/Microsoft.Network/networkInterfaces/customer-portal-dev-nic",
            "network_security_group_id": "/subscriptions/2b0fa787-3cda-432f-847d-5683483e53bb/resourceGroups/customer-portal-dev-rg/providers/Microsoft.Network/networkSecurityGroups/customer-portal-dev-nsg",
            "timeouts": null
          },
          "sensitive_attributes": [],
          "identity_schema_version": 0,
          "private": "eyJlMmJmYjczMC1lY2FhLTExZTYtOGY4OC0zNDM2M2JjN2M0YzAiOnsiY3JlYXRlIjoxODAwMDAwMDAwMDAwLCJkZWxldGUiOjE4MDAwMDAwMDAwMDAsInJlYWQiOjMwMDAwMDAwMDAwMH19",
          "dependencies": [
            "azurerm_network_interface.demo",
            "azurerm_network_security_group.demo",
            "azurerm_resource_group.demo",
            "azurerm_subnet.demo",
            "azurerm_virtual_network.demo"
          ]
        }
      ]
    },
    {
      "mode": "managed",
      "type": "azurerm_network_security_group",
      "name": "demo",
      "provider": "provider[\"registry.terraform.io/hashicorp/azurerm\"]",
      "instances": [
        {
          "schema_version": 0,
          "attributes": {
            "id": "/subscriptions/2b0fa787-3cda-432f-847d-5683483e53bb/resourceGroups/customer-portal-dev-rg/providers/Microsoft.Network/networkSecurityGroups/customer-portal-dev-nsg",
            "location": "eastus",
            "name": "customer-portal-dev-nsg",
            "resource_group_name": "customer-portal-dev-rg",
            "security_rule": [
              {
                "access": "Allow",
                "description": "",
                "destination_address_prefix": "*",
                "destination_address_prefixes": [],
                "destination_application_security_group_ids": [],
                "destination_port_range": "22",
                "destination_port_ranges": [],
                "direction": "Inbound",
                "name": "SSH",
                "priority": 1001,
                "protocol": "Tcp",
                "source_address_prefix": "10.0.0.0/8",
                "source_address_prefixes": [],
                "source_application_security_group_ids": [],
                "source_port_range": "*",
                "source_port_ranges": []
              },
              {
                "access": "Allow",
                "description": "",
                "destination_address_prefix": "*",
                "destination_address_prefixes": [],
                "destination_application_security_group_ids": [],
                "destination_port_range": "80",
                "destination_port_ranges": [],
                "direction": "Inbound",
                "name": "HTTP",
                "priority": 1002,
                "protocol": "Tcp",
                "source_address_prefix": "*",
                "source_address_prefixes": [],
                "source_application_security_group_ids": [],
                "source_port_range": "*",
                "source_port_ranges": []
              }
            ],
            "tags": {
              "BackupSchedule": "daily",
              "BusinessUnit": "Digital Products",
              "Cloud": "Azure",
              "CostCenter": "CC-4521",
              "CreatedDate": "2025-08-03",
              "DataClassification": "internal",
              "Environment": "dev",
              "ManagedBy": "terraform",
              "Owner": "devops-team@company.com",
              "PatchGroup": "dev-linux",
              "Project": "customer-portal",
              "TerraformWorkspace": "default"
            },
            "timeouts": null
          },
          "sensitive_attributes": [],
          "identity_schema_version": 0,
          "private": "eyJlMmJmYjczMC1lY2FhLTExZTYtOGY4OC0zNDM2M2JjN2M0YzAiOnsiY3JlYXRlIjoxODAwMDAwMDAwMDAwLCJkZWxldGUiOjE4MDAwMDAwMDAwMDAsInJlYWQiOjMwMDAwMDAwMDAwMCwidXBkYXRlIjoxODAwMDAwMDAwMDAwfX0=",
          "dependencies": [
            "azurerm_resource_group.demo"
          ]
        }
      ]
    },
    {
      "mode": "managed",
      "type": "azurerm_resource_group",
      "name": "demo",
      "provider": "provider[\"registry.terraform.io/hashicorp/azurerm\"]",
      "instances": [
        {
          "schema_version": 0,
          "attributes": {
            "id": "/subscriptions/2b0fa787-3cda-432f-847d-5683483e53bb/resourceGroups/customer-portal-dev-rg",
            "location": "eastus",
            "managed_by": "",
            "name": "customer-portal-dev-rg",
            "tags": {
              "BackupSchedule": "daily",
              "BusinessUnit": "Digital Products",
              "Cloud": "Azure",
              "CostCenter": "CC-4521",
              "CreatedDate": "2025-08-03",
              "DataClassification": "internal",
              "Environment": "dev",
              "ManagedBy": "terraform",
              "Owner": "devops-team@company.com",
              "PatchGroup": "dev-linux",
              "Project": "customer-portal",
              "TerraformWorkspace": "default"
            },
            "timeouts": null
          },
          "sensitive_attributes": [],
          "identity_schema_version": 0,
          "private": "eyJlMmJmYjczMC1lY2FhLTExZTYtOGY4OC0zNDM2M2JjN2M0YzAiOnsiY3JlYXRlIjo1NDAwMDAwMDAwMDAwLCJkZWxldGUiOjU0MDAwMDAwMDAwMDAsInJlYWQiOjMwMDAwMDAwMDAwMCwidXBkYXRlIjo1NDAwMDAwMDAwMDAwfX0="
        }
      ]
    },
    {
      "mode": "managed",
      "type": "azurerm_subnet",
      "name": "demo",
      "provider": "provider[\"registry.terraform.io/hashicorp/azurerm\"]",
      "instances": [
        {
          "schema_version": 0,
          "attributes": {
            "address_prefixes": [
              "10.1.1.0/24"
            ],
            "default_outbound_access_enabled": true,
            "delegation": [],
            "enforce_private_link_endpoint_network_policies": false,
            "enforce_private_link_service_network_policies": false,
            "id": "/subscriptions/2b0fa787-3cda-432f-847d-5683483e53bb/resourceGroups/customer-portal-dev-rg/providers/Microsoft.Network/virtualNetworks/customer-portal-dev-vnet/subnets/customer-portal-dev-subnet",
            "name": "customer-portal-dev-subnet",
            "private_endpoint_network_policies": "Enabled",
            "private_endpoint_network_policies_enabled": true,
            "private_link_service_network_policies_enabled": true,
            "resource_group_name": "customer-portal-dev-rg",
            "service_endpoint_policy_ids": [],
            "service_endpoints": [],
            "timeouts": null,
            "virtual_network_name": "customer-portal-dev-vnet"
          },
          "sensitive_attributes": [],
          "identity_schema_version": 0,
          "private": "eyJlMmJmYjczMC1lY2FhLTExZTYtOGY4OC0zNDM2M2JjN2M0YzAiOnsiY3JlYXRlIjoxODAwMDAwMDAwMDAwLCJkZWxldGUiOjE4MDAwMDAwMDAwMDAsInJlYWQiOjMwMDAwMDAwMDAwMCwidXBkYXRlIjoxODAwMDAwMDAwMDAwfX0=",
          "dependencies": [
            "azurerm_resource_group.demo",
            "azurerm_virtual_network.demo"
          ]
        }
      ]
    },
    {
      "mode": "managed",
      "type": "azurerm_virtual_network",
      "name": "demo",
      "provider": "provider[\"registry.terraform.io/hashicorp/azurerm\"]",
      "instances": [
        {
          "schema_version": 0,
          "attributes": {
            "address_space": [
              "10.1.0.0/16"
            ],
            "bgp_community": "",
            "ddos_protection_plan": [],
            "dns_servers": [],
            "edge_zone": "",
            "encryption": [],
            "flow_timeout_in_minutes": 0,
            "guid": "30206023-71a7-4f80-b022-421e23428c73",
            "id": "/subscriptions/2b0fa787-3cda-432f-847d-5683483e53bb/resourceGroups/customer-portal-dev-rg/providers/Microsoft.Network/virtualNetworks/customer-portal-dev-vnet",
            "location": "eastus",
            "name": "customer-portal-dev-vnet",
            "resource_group_name": "customer-portal-dev-rg",
            "subnet": [
              {
                "address_prefix": "10.1.1.0/24",
                "id": "/subscriptions/2b0fa787-3cda-432f-847d-5683483e53bb/resourceGroups/customer-portal-dev-rg/providers/Microsoft.Network/virtualNetworks/customer-portal-dev-vnet/subnets/customer-portal-dev-subnet",
                "name": "customer-portal-dev-subnet",
                "security_group": ""
              }
            ],
            "tags": {
              "BackupSchedule": "daily",
              "BusinessUnit": "Digital Products",
              "Cloud": "Azure",
              "CostCenter": "CC-4521",
              "CreatedDate": "2025-08-03",
              "DataClassification": "internal",
              "Environment": "dev",
              "ManagedBy": "terraform",
              "Owner": "devops-team@company.com",
              "PatchGroup": "dev-linux",
              "Project": "customer-portal",
              "TerraformWorkspace": "default"
            },
            "timeouts": null
          },
          "sensitive_attributes": [],
          "identity_schema_version": 0,
          "private": "eyJlMmJmYjczMC1lY2FhLTExZTYtOGY4OC0zNDM2M2JjN2M0YzAiOnsiY3JlYXRlIjoxODAwMDAwMDAwMDAwLCJkZWxldGUiOjE4MDAwMDAwMDAwMDAsInJlYWQiOjMwMDAwMDAwMDAwMCwidXBkYXRlIjoxODAwMDAwMDAwMDAwfX0=",
          "dependencies": [
            "azurerm_resource_group.demo"
          ]
        }
      ]
    }
  ],
  "check_results": [
    {
      "object_kind": "var",
      "config_addr": "var.environment",
      "status": "pass",
      "objects": [
        {
          "object_addr": "var.environment",
          "status": "pass"
        }
      ]
    }
  ]
}
